
Microsoft Visual Studio Solution File, Format Version 12.00
# Visual Studio Version 16
VisualStudioVersion = 16.0.31424.327
MinimumVisualStudioVersion = 10.0.40219.1
Project("{2150E333-8FDC-42A3-9474-1A3956D46DE8}") = "Services", "Services", "{2D5E7B67-C310-409B-80DE-F8DE9418F2E7}"
EndProject
Project("{2150E333-8FDC-42A3-9474-1A3956D46DE8}") = "Catalogo", "Catalogo", "{9B9B68EE-A01B-45DD-B736-F04383B5E7DB}"
EndProject
Project("{2150E333-8FDC-42A3-9474-1A3956D46DE8}") = "Pedido", "Pedido", "{2689B10D-E53E-4099-A9B0-9C7D97E8D10A}"
EndProject
Project("{2150E333-8FDC-42A3-9474-1A3956D46DE8}") = "Identidade", "Identidade", "{6B66EF14-46A9-4AAD-9A56-057222D3188D}"
EndProject
Project("{2150E333-8FDC-42A3-9474-1A3956D46DE8}") = "Caixa", "Caixa", "{5042D713-D467-451F-A49D-E248AC78E1C6}"
EndProject
Project("{9A19103F-16F7-4668-BE54-9A1E7A4F7556}") = "Garbom.Catalogo.Application", "src\Garbom.Catalogo.Application\Garbom.Catalogo.Application.csproj", "{0931F03A-B153-4D30-8258-46AC85FE8468}"
EndProject
Project("{9A19103F-16F7-4668-BE54-9A1E7A4F7556}") = "Garbom.Catalogo.Domain", "src\Garbom.Catalogo.Domain\Garbom.Catalogo.Domain.csproj", "{0DCA9854-7F90-43ED-9F18-29010C63935E}"
EndProject
Project("{9A19103F-16F7-4668-BE54-9A1E7A4F7556}") = "Garbom.Catalogo.Infrastructure", "src\Garbom.Catalogo.Infrastructure\Garbom.Catalogo.Infrastructure.csproj", "{056FBD2E-B978-4E2E-B0CC-6E85B2FF4501}"
EndProject
Project("{2150E333-8FDC-42A3-9474-1A3956D46DE8}") = "BuildingBlocks", "BuildingBlocks", "{CE1033DC-8E10-4C6D-90DC-7B28039E1FAB}"
EndProject
Project("{2150E333-8FDC-42A3-9474-1A3956D46DE8}") = "Core", "Core", "{7D13BCB4-E2E5-44B0-A64C-DB7A8DF18026}"
EndProject
Project("{9A19103F-16F7-4668-BE54-9A1E7A4F7556}") = "Garbom.Core", "src\Garbom.Core\Garbom.Core.csproj", "{0CC58B57-8416-4CC6-A757-AF6D1A188CDD}"
EndProject
Project("{2150E333-8FDC-42A3-9474-1A3956D46DE8}") = "API", "API", "{FDD442FF-FA7B-4FE1-99D8-04FE8AD43F6C}"
EndProject
Project("{9A19103F-16F7-4668-BE54-9A1E7A4F7556}") = "Garbom.API", "src\Garbom.API\Garbom.API.csproj", "{51A670C5-B81C-4A5F-AA72-604A2AA16B39}"
EndProject
Project("{FAE04EC0-301F-11D3-BF4B-00C04F79EFBC}") = "Garbom.Pedido.Application", "src\Garbom.Catalogo.Application\Garbom.Pedido.Application\Garbom.Pedido.Application.csproj", "{7AA7CE66-BD55-41A7-A3A0-BE72919E98F8}"
EndProject
Project("{FAE04EC0-301F-11D3-BF4B-00C04F79EFBC}") = "Garbom.Pedido.Domain", "src\Garbom.Pedido.Domain\Garbom.Pedido.Domain.csproj", "{2C2BF1F0-6155-4E8E-9C82-0A627980BF24}"
EndProject
Project("{FAE04EC0-301F-11D3-BF4B-00C04F79EFBC}") = "Garbom.Pedido.Infrastructure", "Garbom.Pedido.Infrastructure\Garbom.Pedido.Infrastructure.csproj", "{D852C278-F4CE-4146-96F5-BA7062A39853}"
EndProject
Global
	GlobalSection(SolutionConfigurationPlatforms) = preSolution
		Debug|Any CPU = Debug|Any CPU
		Release|Any CPU = Release|Any CPU
	EndGlobalSection
	GlobalSection(ProjectConfigurationPlatforms) = postSolution
		{0931F03A-B153-4D30-8258-46AC85FE8468}.Debug|Any CPU.ActiveCfg = Debug|Any CPU
		{0931F03A-B153-4D30-8258-46AC85FE8468}.Debug|Any CPU.Build.0 = Debug|Any CPU
		{0931F03A-B153-4D30-8258-46AC85FE8468}.Release|Any CPU.ActiveCfg = Release|Any CPU
		{0931F03A-B153-4D30-8258-46AC85FE8468}.Release|Any CPU.Build.0 = Release|Any CPU
		{0DCA9854-7F90-43ED-9F18-29010C63935E}.Debug|Any CPU.ActiveCfg = Debug|Any CPU
		{0DCA9854-7F90-43ED-9F18-29010C63935E}.Debug|Any CPU.Build.0 = Debug|Any CPU
		{0DCA9854-7F90-43ED-9F18-29010C63935E}.Release|Any CPU.ActiveCfg = Release|Any CPU
		{0DCA9854-7F90-43ED-9F18-29010C63935E}.Release|Any CPU.Build.0 = Release|Any CPU
		{056FBD2E-B978-4E2E-B0CC-6E85B2FF4501}.Debug|Any CPU.ActiveCfg = Debug|Any CPU
		{056FBD2E-B978-4E2E-B0CC-6E85B2FF4501}.Debug|Any CPU.Build.0 = Debug|Any CPU
		{056FBD2E-B978-4E2E-B0CC-6E85B2FF4501}.Release|Any CPU.ActiveCfg = Release|Any CPU
		{056FBD2E-B978-4E2E-B0CC-6E85B2FF4501}.Release|Any CPU.Build.0 = Release|Any CPU
		{0CC58B57-8416-4CC6-A757-AF6D1A188CDD}.Debug|Any CPU.ActiveCfg = Debug|Any CPU
		{0CC58B57-8416-4CC6-A757-AF6D1A188CDD}.Debug|Any CPU.Build.0 = Debug|Any CPU
		{0CC58B57-8416-4CC6-A757-AF6D1A188CDD}.Release|Any CPU.ActiveCfg = Release|Any CPU
		{0CC58B57-8416-4CC6-A757-AF6D1A188CDD}.Release|Any CPU.Build.0 = Release|Any CPU
		{51A670C5-B81C-4A5F-AA72-604A2AA16B39}.Debug|Any CPU.ActiveCfg = Debug|Any CPU
		{51A670C5-B81C-4A5F-AA72-604A2AA16B39}.Debug|Any CPU.Build.0 = Debug|Any CPU
		{51A670C5-B81C-4A5F-AA72-604A2AA16B39}.Release|Any CPU.ActiveCfg = Release|Any CPU
		{51A670C5-B81C-4A5F-AA72-604A2AA16B39}.Release|Any CPU.Build.0 = Release|Any CPU
		{7AA7CE66-BD55-41A7-A3A0-BE72919E98F8}.Debug|Any CPU.ActiveCfg = Debug|Any CPU
		{7AA7CE66-BD55-41A7-A3A0-BE72919E98F8}.Debug|Any CPU.Build.0 = Debug|Any CPU
		{7AA7CE66-BD55-41A7-A3A0-BE72919E98F8}.Release|Any CPU.ActiveCfg = Release|Any CPU
		{7AA7CE66-BD55-41A7-A3A0-BE72919E98F8}.Release|Any CPU.Build.0 = Release|Any CPU
		{2C2BF1F0-6155-4E8E-9C82-0A627980BF24}.Debug|Any CPU.ActiveCfg = Debug|Any CPU
		{2C2BF1F0-6155-4E8E-9C82-0A627980BF24}.Debug|Any CPU.Build.0 = Debug|Any CPU
		{2C2BF1F0-6155-4E8E-9C82-0A627980BF24}.Release|Any CPU.ActiveCfg = Release|Any CPU
		{2C2BF1F0-6155-4E8E-9C82-0A627980BF24}.Release|Any CPU.Build.0 = Release|Any CPU
		{D852C278-F4CE-4146-96F5-BA7062A39853}.Debug|Any CPU.ActiveCfg = Debug|Any CPU
		{D852C278-F4CE-4146-96F5-BA7062A39853}.Debug|Any CPU.Build.0 = Debug|Any CPU
		{D852C278-F4CE-4146-96F5-BA7062A39853}.Release|Any CPU.ActiveCfg = Release|Any CPU
		{D852C278-F4CE-4146-96F5-BA7062A39853}.Release|Any CPU.Build.0 = Release|Any CPU
	EndGlobalSection
	GlobalSection(SolutionProperties) = preSolution
		HideSolutionNode = FALSE
	EndGlobalSection
	GlobalSection(NestedProjects) = preSolution
		{9B9B68EE-A01B-45DD-B736-F04383B5E7DB} = {2D5E7B67-C310-409B-80DE-F8DE9418F2E7}
		{2689B10D-E53E-4099-A9B0-9C7D97E8D10A} = {2D5E7B67-C310-409B-80DE-F8DE9418F2E7}
		{6B66EF14-46A9-4AAD-9A56-057222D3188D} = {2D5E7B67-C310-409B-80DE-F8DE9418F2E7}
		{5042D713-D467-451F-A49D-E248AC78E1C6} = {2D5E7B67-C310-409B-80DE-F8DE9418F2E7}
		{0931F03A-B153-4D30-8258-46AC85FE8468} = {9B9B68EE-A01B-45DD-B736-F04383B5E7DB}
		{0DCA9854-7F90-43ED-9F18-29010C63935E} = {9B9B68EE-A01B-45DD-B736-F04383B5E7DB}
		{056FBD2E-B978-4E2E-B0CC-6E85B2FF4501} = {9B9B68EE-A01B-45DD-B736-F04383B5E7DB}
		{7D13BCB4-E2E5-44B0-A64C-DB7A8DF18026} = {CE1033DC-8E10-4C6D-90DC-7B28039E1FAB}
		{0CC58B57-8416-4CC6-A757-AF6D1A188CDD} = {7D13BCB4-E2E5-44B0-A64C-DB7A8DF18026}
		{51A670C5-B81C-4A5F-AA72-604A2AA16B39} = {FDD442FF-FA7B-4FE1-99D8-04FE8AD43F6C}
		{7AA7CE66-BD55-41A7-A3A0-BE72919E98F8} = {2689B10D-E53E-4099-A9B0-9C7D97E8D10A}
		{2C2BF1F0-6155-4E8E-9C82-0A627980BF24} = {2689B10D-E53E-4099-A9B0-9C7D97E8D10A}
		{D852C278-F4CE-4146-96F5-BA7062A39853} = {2689B10D-E53E-4099-A9B0-9C7D97E8D10A}
	EndGlobalSection
	GlobalSection(ExtensibilityGlobals) = postSolution
		SolutionGuid = {65D22697-1B47-4625-811E-52BC92BB5345}
	EndGlobalSection
EndGlobal
